
Microsoft Visual Studio Solution File, Format Version 12.00
# Visual Studio Version 17
VisualStudioVersion = 17.11.35327.3
MinimumVisualStudioVersion = 10.0.40219.1
Project("{FAE04EC0-301F-11D3-BF4B-00C04F79EFBC}") = "Bookstore2", "Bookstore2.csproj", "{3CFCCC28-FB1B-439E-8BF1-4AABEF74822E}"
EndProject
Global
	GlobalSection(SolutionConfigurationPlatforms) = preSolution
		Debug|Any CPU = Debug|Any CPU
		Release|Any CPU = Release|Any CPU
	EndGlobalSection
	GlobalSection(ProjectConfigurationPlatforms) = postSolution
		{3CFCCC28-FB1B-439E-8BF1-4AABEF74822E}.Debug|Any CPU.ActiveCfg = Debug|Any CPU
		{3CFCCC28-FB1B-439E-8BF1-4AABEF74822E}.Debug|Any CPU.Build.0 = Debug|Any CPU
		{3CFCCC28-FB1B-439E-8BF1-4AABEF74822E}.Release|Any CPU.ActiveCfg = Release|Any CPU
		{3CFCCC28-FB1B-439E-8BF1-4AABEF74822E}.Release|Any CPU.Build.0 = Release|Any CPU
	EndGlobalSection
	GlobalSection(SolutionProperties) = preSolution
		HideSolutionNode = FALSE
	EndGlobalSection
	GlobalSection(ExtensibilityGlobals) = postSolution
		SolutionGuid = {6AF1AFB1-F720-46E9-82AB-7BDCCCB3E9EA}
	EndGlobalSection
EndGlobal
